<Solution>
  <Project Path="backend/EnvironmentMonitoringSystem.API/EnvironmentMonitoringSystem.API.csproj" />
  <Project Path="backend/EnvironmentMonitoringSystem.Application/EnvironmentMonitoringSystem.Application.csproj" />
  <Project Path="backend/EnvironmentMonitoringSystem.Domain/EnvironmentMonitoringSystem.Domain.csproj" />
  <Project Path="backend/EnvironmentMonitoringSystem.Infrastructure/EnvironmentMonitoringSystem.Infrastructure.csproj" />
  <Project Path="backend/EnvironmentMonitoringSystem.Test/EnvironmentMonitoringSystem.Test.csproj" />
</Solution>
